Microsoft Visual Studio Solution File, Format Version 12.00
# Visual Studio Version 17
VisualStudioVersion = 17.5.2.0
MinimumVisualStudioVersion = 10.0.40219.1
Project("{FAE04EC0-301F-11D3-BF4B-00C04F79EFBC}") = "HelpDeskWebapp", "HelpDeskWebapp.csproj", "{1E5C0407-D1E4-5A95-B768-3EDEA1456BBC}"
EndProject
Global
	GlobalSection(SolutionConfigurationPlatforms) = preSolution
		Debug|Any CPU = Debug|Any CPU
		Release|Any CPU = Release|Any CPU
	EndGlobalSection
	GlobalSection(ProjectConfigurationPlatforms) = postSolution
		{1E5C0407-D1E4-5A95-B768-3EDEA1456BBC}.Debug|Any CPU.ActiveCfg = Debug|Any CPU
		{1E5C0407-D1E4-5A95-B768-3EDEA1456BBC}.Debug|Any CPU.Build.0 = Debug|Any CPU
		{1E5C0407-D1E4-5A95-B768-3EDEA1456BBC}.Release|Any CPU.ActiveCfg = Release|Any CPU
		{1E5C0407-D1E4-5A95-B768-3EDEA1456BBC}.Release|Any CPU.Build.0 = Release|Any CPU
	EndGlobalSection
	GlobalSection(SolutionProperties) = preSolution
		HideSolutionNode = FALSE
	EndGlobalSection
	GlobalSection(ExtensibilityGlobals) = postSolution
		SolutionGuid = {7D66DF66-8E9F-4FD3-82D5-B10C49FB69F6}
	EndGlobalSection
EndGlobal
